// !$*UTF8*$!
{
	archiveVersion = 1;
	classes = {
	};
	objectVersion = 56;
	objects = {

/* Begin PBXBuildFile section */
		6A955EF32A09367000AE8464 /* maestro_bitrise_iosApp.swift in Sources */ = {isa = PBXBuildFile; fileRef = 6A955EF22A09367000AE8464 /* maestro_bitrise_iosApp.swift */; };
		6A955EF52A09367000AE8464 /* ContentView.swift in Sources */ = {isa = PBXBuildFile; fileRef = 6A955EF42A09367000AE8464 /* ContentView.swift */; };
		6A955EF72A09367100AE8464 /* Assets.xcassets in Resources */ = {isa = PBXBuildFile; fileRef = 6A955EF62A09367100AE8464 /* Assets.xcassets */; };
		6A955EFA2A09367100AE8464 /* Preview Assets.xcassets in Resources */ = {isa = PBXBuildFile; fileRef = 6A955EF92A09367100AE8464 /* Preview Assets.xcassets */; };
		6A955F042A09367100AE8464 /* maestro_bitrise_iosTests.swift in Sources */ = {isa = PBXBuildFile; fileRef = 6A955F032A09367100AE8464 /* maestro_bitrise_iosTests.swift */; };
		6A955F0E2A09367100AE8464 /* maestro_bitrise_iosUITests.swift in Sources */ = {isa = PBXBuildFile; fileRef = 6A955F0D2A09367100AE8464 /* maestro_bitrise_iosUITests.swift */; };
		6A955F102A09367100AE8464 /* maestro_bitrise_iosUITestsLaunchTests.swift in Sources */ = {isa = PBXBuildFile; fileRef = 6A955F0F2A09367100AE8464 /* maestro_bitrise_iosUITestsLaunchTests.swift */; };
/* End PBXBuildFile section */

/* Begin PBXContainerItemProxy section */
		6A955F002A09367100AE8464 /* PBXContainerItemProxy */ = {
			isa = PBXContainerItemProxy;
			containerPortal = 6A955EE72A09367000AE8464 /* Project object */;
			proxyType = 1;
			remoteGlobalIDString = 6A955EEE2A09367000AE8464;
			remoteInfo = "maestro-bitrise-ios";
		};
		6A955F0A2A09367100AE8464 /* PBXContainerItemProxy */ = {
			isa = PBXContainerItemProxy;
			containerPortal = 6A955EE72A09367000AE8464 /* Project object */;
			proxyType = 1;
			remoteGlobalIDString = 6A955EEE2A09367000AE8464;
			remoteInfo = "maestro-bitrise-ios";
		};
/* End PBXContainerItemProxy section */

/* Begin PBXFileReference section */
		6A955EEF2A09367000AE8464 /* maestro-bitrise-ios.app */ = {isa = PBXFileReference; explicitFileType = wrapper.application; includeInIndex = 0; path = "maestro-bitrise-ios.app"; sourceTree = BUILT_PRODUCTS_DIR; };
		6A955EF22A09367000AE8464 /* maestro_bitrise_iosApp.swift */ = {isa = PBXFileReference; lastKnownFileType = sourcecode.swift; path = maestro_bitrise_iosApp.swift; sourceTree = "<group>"; };
		6A955EF42A09367000AE8464 /* ContentView.swift */ = {isa = PBXFileReference; lastKnownFileType = sourcecode.swift; path = ContentView.swift; sourceTree = "<group>"; };
		6A955EF62A09367100AE8464 /* Assets.xcassets */ = {isa = PBXFileReference; lastKnownFileType = folder.assetcatalog; path = Assets.xcassets; sourceTree = "<group>"; };
		6A955EF92A09367100AE8464 /* Preview Assets.xcassets */ = {isa = PBXFileReference; lastKnownFileType = folder.assetcatalog; path = "Preview Assets.xcassets"; sourceTree = "<group>"; };
		6A955EFF2A09367100AE8464 /* maestro-bitrise-iosTests.xctest */ = {isa = PBXFileReference; explicitFileType = wrapper.cfbundle; includeInIndex = 0; path = "maestro-bitrise-iosTests.xctest"; sourceTree = BUILT_PRODUCTS_DIR; };
		6A955F032A09367100AE8464 /* maestro_bitrise_iosTests.swift */ = {isa = PBXFileReference; lastKnownFileType = sourcecode.swift; path = maestro_bitrise_iosTests.swift; sourceTree = "<group>"; };
		6A955F092A09367100AE8464 /* maestro-bitrise-iosUITests.xctest */ = {isa = PBXFileReference; explicitFileType = wrapper.cfbundle; includeInIndex = 0; path = "maestro-bitrise-iosUITests.xctest"; sourceTree = BUILT_PRODUCTS_DIR; };
		6A955F0D2A09367100AE8464 /* maestro_bitrise_iosUITests.swift */ = {isa = PBXFileReference; lastKnownFileType = sourcecode.swift; path = maestro_bitrise_iosUITests.swift; sourceTree = "<group>"; };
		6A955F0F2A09367100AE8464 /* maestro_bitrise_iosUITestsLaunchTests.swift */ = {isa = PBXFileReference; lastKnownFileType = sourcecode.swift; path = maestro_bitrise_iosUITestsLaunchTests.swift; sourceTree = "<group>"; };
/* End PBXFileReference section */

/* Begin PBXFrameworksBuildPhase section */
		6A955EEC2A09367000AE8464 /* Frameworks */ = {
			isa = PBXFrameworksBuildPhase;
			buildActionMask = 2147483647;
			files = (
			);
			runOnlyForDeploymentPostprocessing = 0;
		};
		6A955EFC2A09367100AE8464 /* Frameworks */ = {
			isa = PBXFrameworksBuildPhase;
			buildActionMask = 2147483647;
			files = (
			);
			runOnlyForDeploymentPostprocessing = 0;
		};
		6A955F062A09367100AE8464 /* Frameworks */ = {
			isa = PBXFrameworksBuildPhase;
			buildActionMask = 2147483647;
			files = (
			);
			runOnlyForDeploymentPostprocessing = 0;
		};
/* End PBXFrameworksBuildPhase section */

/* Begin PBXGroup section */
		6A955EE62A09367000AE8464 = {
			isa = PBXGroup;
			children = (
				6A955EF12A09367000AE8464 /* maestro-bitrise-ios */,
				6A955F022A09367100AE8464 /* maestro-bitrise-iosTests */,
				6A955F0C2A09367100AE8464 /* maestro-bitrise-iosUITests */,
				6A955EF02A09367000AE8464 /* Products */,
			);
			sourceTree = "<group>";
		};
		6A955EF02A09367000AE8464 /* Products */ = {
			isa = PBXGroup;
			children = (
				6A955EEF2A09367000AE8464 /* maestro-bitrise-ios.app */,
				6A955EFF2A09367100AE8464 /* maestro-bitrise-iosTests.xctest */,
				6A955F092A09367100AE8464 /* maestro-bitrise-iosUITests.xctest */,
			);
			name = Products;
			sourceTree = "<group>";
		};
		6A955EF12A09367000AE8464 /* maestro-bitrise-ios */ = {
			isa = PBXGroup;
			children = (
				6A955EF22A09367000AE8464 /* maestro_bitrise_iosApp.swift */,
				6A955EF42A09367000AE8464 /* ContentView.swift */,
				6A955EF62A09367100AE8464 /* Assets.xcassets */,
				6A955EF82A09367100AE8464 /* Preview Content */,
			);
			path = "maestro-bitrise-ios";
			sourceTree = "<group>";
		};
		6A955EF82A09367100AE8464 /* Preview Content */ = {
			isa = PBXGroup;
			children = (
				6A955EF92A09367100AE8464 /* Preview Assets.xcassets */,
			);
			path = "Preview Content";
			sourceTree = "<group>";
		};
		6A955F022A09367100AE8464 /* maestro-bitrise-iosTests */ = {
			isa = PBXGroup;
			children = (
				6A955F032A09367100AE8464 /* maestro_bitrise_iosTests.swift */,
			);
			path = "maestro-bitrise-iosTests";
			sourceTree = "<group>";
		};
		6A955F0C2A09367100AE8464 /* maestro-bitrise-iosUITests */ = {
			isa = PBXGroup;
			children = (
				6A955F0D2A09367100AE8464 /* maestro_bitrise_iosUITests.swift */,
				6A955F0F2A09367100AE8464 /* maestro_bitrise_iosUITestsLaunchTests.swift */,
			);
			path = "maestro-bitrise-iosUITests";
			sourceTree = "<group>";
		};
/* End PBXGroup section */

/* Begin PBXNativeTarget section */
		6A955EEE2A09367000AE8464 /* maestro-bitrise-ios */ = {
			isa = PBXNativeTarget;
			buildConfigurationList = 6A955F132A09367100AE8464 /* Build configuration list for PBXNativeTarget "maestro-bitrise-ios" */;
			buildPhases = (
				6A955EEB2A09367000AE8464 /* Sources */,
				6A955EEC2A09367000AE8464 /* Frameworks */,
				6A955EED2A09367000AE8464 /* Resources */,
			);
			buildRules = (
			);
			dependencies = (
			);
			name = "maestro-bitrise-ios";
			productName = "maestro-bitrise-ios";
			productReference = 6A955EEF2A09367000AE8464 /* maestro-bitrise-ios.app */;
			productType = "com.apple.product-type.application";
		};
		6A955EFE2A09367100AE8464 /* maestro-bitrise-iosTests */ = {
			isa = PBXNativeTarget;
			buildConfigurationList = 6A955F162A09367100AE8464 /* Build configuration list for PBXNativeTarget "maestro-bitrise-iosTests" */;
			buildPhases = (
				6A955EFB2A09367100AE8464 /* Sources */,
				6A955EFC2A09367100AE8464 /* Frameworks */,
				6A955EFD2A09367100AE8464 /* Resources */,
			);
			buildRules = (
			);
			dependencies = (
				6A955F012A09367100AE8464 /* PBXTargetDependency */,
			);
			name = "maestro-bitrise-iosTests";
			productName = "maestro-bitrise-iosTests";
			productReference = 6A955EFF2A09367100AE8464 /* maestro-bitrise-iosTests.xctest */;
			productType = "com.apple.product-type.bundle.unit-test";
		};
		6A955F082A09367100AE8464 /* maestro-bitrise-iosUITests */ = {
			isa = PBXNativeTarget;
			buildConfigurationList = 6A955F192A09367100AE8464 /* Build configuration list for PBXNativeTarget "maestro-bitrise-iosUITests" */;
			buildPhases = (
				6A955F052A09367100AE8464 /* Sources */,
				6A955F062A09367100AE8464 /* Frameworks */,
				6A955F072A09367100AE8464 /* Resources */,
			);
			buildRules = (
			);
			dependencies = (
				6A955F0B2A09367100AE8464 /* PBXTargetDependency */,
			);
			name = "maestro-bitrise-iosUITests";
			productName = "maestro-bitrise-iosUITests";
			productReference = 6A955F092A09367100AE8464 /* maestro-bitrise-iosUITests.xctest */;
			productType = "com.apple.product-type.bundle.ui-testing";
		};
/* End PBXNativeTarget section */

/* Begin PBXProject section */
		6A955EE72A09367000AE8464 /* Project object */ = {
			isa = PBXProject;
			attributes = {
				BuildIndependentTargetsInParallel = 1;
				LastSwiftUpdateCheck = 1430;
				LastUpgradeCheck = 1430;
				TargetAttributes = {
					6A955EEE2A09367000AE8464 = {
						CreatedOnToolsVersion = 14.3;
					};
					6A955EFE2A09367100AE8464 = {
						CreatedOnToolsVersion = 14.3;
						TestTargetID = 6A955EEE2A09367000AE8464;
					};
					6A955F082A09367100AE8464 = {
						CreatedOnToolsVersion = 14.3;
						TestTargetID = 6A955EEE2A09367000AE8464;
					};
				};
			};
			buildConfigurationList = 6A955EEA2A09367000AE8464 /* Build configuration list for PBXProject "maestro-bitrise-ios" */;
			compatibilityVersion = "Xcode 14.0";
			developmentRegion = en;
			hasScannedForEncodings = 0;
			knownRegions = (
				en,
				Base,
			);
			mainGroup = 6A955EE62A09367000AE8464;
			productRefGroup = 6A955EF02A09367000AE8464 /* Products */;
			projectDirPath = "";
			projectRoot = "";
			targets = (
				6A955EEE2A09367000AE8464 /* maestro-bitrise-ios */,
				6A955EFE2A09367100AE8464 /* maestro-bitrise-iosTests */,
				6A955F082A09367100AE8464 /* maestro-bitrise-iosUITests */,
			);
		};
/* End PBXProject section */

/* Begin PBXResourcesBuildPhase section */
		6A955EED2A09367000AE8464 /* Resources */ = {
			isa = PBXResourcesBuildPhase;
			buildActionMask = 2147483647;
			files = (
				6A955EFA2A09367100AE8464 /* Preview Assets.xcassets in Resources */,
				6A955EF72A09367100AE8464 /* Assets.xcassets in Resources */,
			);
			runOnlyForDeploymentPostprocessing = 0;
		};
		6A955EFD2A09367100AE8464 /* Resources */ = {
			isa = PBXResourcesBuildPhase;
			buildActionMask = 2147483647;
			files = (
			);
			runOnlyForDeploymentPostprocessing = 0;
		};
		6A955F072A09367100AE8464 /* Resources */ = {
			isa = PBXResourcesBuildPhase;
			buildActionMask = 2147483647;
			files = (
			);
			runOnlyForDeploymentPostprocessing = 0;
		};
/* End PBXResourcesBuildPhase section */

/* Begin PBXSourcesBuildPhase section */
		6A955EEB2A09367000AE8464 /* Sources */ = {
			isa = PBXSourcesBuildPhase;
			buildActionMask = 2147483647;
			files = (
				6A955EF52A09367000AE8464 /* ContentView.swift in Sources */,
				6A955EF32A09367000AE8464 /* maestro_bitrise_iosApp.swift in Sources */,
			);
			runOnlyForDeploymentPostprocessing = 0;
		};
		6A955EFB2A09367100AE8464 /* Sources */ = {
			isa = PBXSourcesBuildPhase;
			buildActionMask = 2147483647;
			files = (
				6A955F042A09367100AE8464 /* maestro_bitrise_iosTests.swift in Sources */,
			);
			runOnlyForDeploymentPostprocessing = 0;
		};
		6A955F052A09367100AE8464 /* Sources */ = {
			isa = PBXSourcesBuildPhase;
			buildActionMask = 2147483647;
			files = (
				6A955F0E2A09367100AE8464 /* maestro_bitrise_iosUITests.swift in Sources */,
				6A955F102A09367100AE8464 /* maestro_bitrise_iosUITestsLaunchTests.swift in Sources */,
			);
			runOnlyForDeploymentPostprocessing = 0;
		};
/* End PBXSourcesBuildPhase section */

/* Begin PBXTargetDependency section */
		6A955F012A09367100AE8464 /* PBXTargetDependency */ = {
			isa = PBXTargetDependency;
			target = 6A955EEE2A09367000AE8464 /* maestro-bitrise-ios */;
			targetProxy = 6A955F002A09367100AE8464 /* PBXContainerItemProxy */;
		};
		6A955F0B2A09367100AE8464 /* PBXTargetDependency */ = {
			isa = PBXTargetDependency;
			target = 6A955EEE2A09367000AE8464 /* maestro-bitrise-ios */;
			targetProxy = 6A955F0A2A09367100AE8464 /* PBXContainerItemProxy */;
		};
/* End PBXTargetDependency section */

/* Begin XCBuildConfiguration section */
		6A955F112A09367100AE8464 /* Debug */ = {
			isa = XCBuildConfiguration;
			buildSettings = {
				ALWAYS_SEARCH_USER_PATHS = NO;
				CLANG_ANALYZER_NONNULL = YES;
				CLANG_ANALYZER_NUMBER_OBJECT_CONVERSION = YES_AGGRESSIVE;
				CLANG_CXX_LANGUAGE_STANDARD = "gnu++20";
				CLANG_ENABLE_MODULES = YES;
				CLANG_ENABLE_OBJC_ARC = YES;
				CLANG_ENABLE_OBJC_WEAK = YES;
				CLANG_WARN_BLOCK_CAPTURE_AUTORELEASING = YES;
				CLANG_WARN_BOOL_CONVERSION = YES;
				CLANG_WARN_COMMA = YES;
				CLANG_WARN_CONSTANT_CONVERSION = YES;
				CLANG_WARN_DEPRECATED_OBJC_IMPLEMENTATIONS = YES;
				CLANG_WARN_DIRECT_OBJC_ISA_USAGE = YES_ERROR;
				CLANG_WARN_DOCUMENTATION_COMMENTS = YES;
				CLANG_WARN_EMPTY_BODY = YES;
				CLANG_WARN_ENUM_CONVERSION = YES;
				CLANG_WARN_INFINITE_RECURSION = YES;
				CLANG_WARN_INT_CONVERSION = YES;
				CLANG_WARN_NON_LITERAL_NULL_CONVERSION = YES;
				CLANG_WARN_OBJC_IMPLICIT_RETAIN_SELF = YES;
				CLANG_WARN_OBJC_LITERAL_CONVERSION = YES;
				CLANG_WARN_OBJC_ROOT_CLASS = YES_ERROR;
				CLANG_WARN_QUOTED_INCLUDE_IN_FRAMEWORK_HEADER = YES;
				CLANG_WARN_RANGE_LOOP_ANALYSIS = YES;
				CLANG_WARN_STRICT_PROTOTYPES = YES;
				CLANG_WARN_SUSPICIOUS_MOVE = YES;
				CLANG_WARN_UNGUARDED_AVAILABILITY = YES_AGGRESSIVE;
				CLANG_WARN_UNREACHABLE_CODE = YES;
				CLANG_WARN__DUPLICATE_METHOD_MATCH = YES;
				COPY_PHASE_STRIP = NO;
				DEBUG_INFORMATION_FORMAT = dwarf;
				ENABLE_STRICT_OBJC_MSGSEND = YES;
				ENABLE_TESTABILITY = YES;
				GCC_C_LANGUAGE_STANDARD = gnu11;
				GCC_DYNAMIC_NO_PIC = NO;
				GCC_NO_COMMON_BLOCKS = YES;
				GCC_OPTIMIZATION_LEVEL = 0;
				GCC_PREPROCESSOR_DEFINITIONS = (
					"DEBUG=1",
					"$(inherited)",
				);
				GCC_WARN_64_TO_32_BIT_CONVERSION = YES;
				GCC_WARN_ABOUT_RETURN_TYPE = YES_ERROR;
				GCC_WARN_UNDECLARED_SELECTOR = YES;
				GCC_WARN_UNINITIALIZED_AUTOS = YES_AGGRESSIVE;
				GCC_WARN_UNUSED_FUNCTION = YES;
				GCC_WARN_UNUSED_VARIABLE = YES;
				IPHONEOS_DEPLOYMENT_TARGET = 16.4;
				MTL_ENABLE_DEBUG_INFO = INCLUDE_SOURCE;
				MTL_FAST_MATH = YES;
				ONLY_ACTIVE_ARCH = YES;
				SDKROOT = iphoneos;
				SWIFT_ACTIVE_COMPILATION_CONDITIONS = DEBUG;
				SWIFT_OPTIMIZATION_LEVEL = "-Onone";
			};
			name = Debug;
		};
		6A955F122A09367100AE8464 /* Release */ = {
			isa = XCBuildConfiguration;
			buildSettings = {
				ALWAYS_SEARCH_USER_PATHS = NO;
				CLANG_ANALYZER_NONNULL = YES;
				CLANG_ANALYZER_NUMBER_OBJECT_CONVERSION = YES_AGGRESSIVE;
				CLANG_CXX_LANGUAGE_STANDARD = "gnu++20";
				CLANG_ENABLE_MODULES = YES;
				CLANG_ENABLE_OBJC_ARC = YES;
				CLANG_ENABLE_OBJC_WEAK = YES;
				CLANG_WARN_BLOCK_CAPTURE_AUTORELEASING = YES;
				CLANG_WARN_BOOL_CONVERSION = YES;
				CLANG_WARN_COMMA = YES;
				CLANG_WARN_CONSTANT_CONVERSION = YES;
				CLANG_WARN_DEPRECATED_OBJC_IMPLEMENTATIONS = YES;
				CLANG_WARN_DIRECT_OBJC_ISA_USAGE = YES_ERROR;
				CLANG_WARN_DOCUMENTATION_COMMENTS = YES;
				CLANG_WARN_EMPTY_BODY = YES;
				CLANG_WARN_ENUM_CONVERSION = YES;
				CLANG_WARN_INFINITE_RECURSION = YES;
				CLANG_WARN_INT_CONVERSION = YES;
				CLANG_WARN_NON_LITERAL_NULL_CONVERSION = YES;
				CLANG_WARN_OBJC_IMPLICIT_RETAIN_SELF = YES;
				CLANG_WARN_OBJC_LITERAL_CONVERSION = YES;
				CLANG_WARN_OBJC_ROOT_CLASS = YES_ERROR;
				CLANG_WARN_QUOTED_INCLUDE_IN_FRAMEWORK_HEADER = YES;
				CLANG_WARN_RANGE_LOOP_ANALYSIS = YES;
				CLANG_WARN_STRICT_PROTOTYPES = YES;
				CLANG_WARN_SUSPICIOUS_MOVE = YES;
				CLANG_WARN_UNGUARDED_AVAILABILITY = YES_AGGRESSIVE;
				CLANG_WARN_UNREACHABLE_CODE = YES;
				CLANG_WARN__DUPLICATE_METHOD_MATCH = YES;
				COPY_PHASE_STRIP = NO;
				DEBUG_INFORMATION_FORMAT = "dwarf-with-dsym";
				ENABLE_NS_ASSERTIONS = NO;
				ENABLE_STRICT_OBJC_MSGSEND = YES;
				GCC_C_LANGUAGE_STANDARD = gnu11;
				GCC_NO_COMMON_BLOCKS = YES;
				GCC_WARN_64_TO_32_BIT_CONVERSION = YES;
				GCC_WARN_ABOUT_RETURN_TYPE = YES_ERROR;
				GCC_WARN_UNDECLARED_SELECTOR = YES;
				GCC_WARN_UNINITIALIZED_AUTOS = YES_AGGRESSIVE;
				GCC_WARN_UNUSED_FUNCTION = YES;
				GCC_WARN_UNUSED_VARIABLE = YES;
				IPHONEOS_DEPLOYMENT_TARGET = 16.4;
				MTL_ENABLE_DEBUG_INFO = NO;
				MTL_FAST_MATH = YES;
				SDKROOT = iphoneos;
				SWIFT_COMPILATION_MODE = wholemodule;
				SWIFT_OPTIMIZATION_LEVEL = "-O";
				VALIDATE_PRODUCT = YES;
			};
			name = Release;
		};
		6A955F142A09367100AE8464 /* Debug */ = {
			isa = XCBuildConfiguration;
			buildSettings = {
				ASSETCATALOG_COMPILER_APPICON_NAME = AppIcon;
				ASSETCATALOG_COMPILER_GLOBAL_ACCENT_COLOR_NAME = AccentColor;
				CODE_SIGN_STYLE = Automatic;
				CURRENT_PROJECT_VERSION = 1;
				DEVELOPMENT_ASSET_PATHS = "\"maestro-bitrise-ios/Preview Content\"";
				DEVELOPMENT_TEAM = MDNUUAHTT6;
				ENABLE_PREVIEWS = YES;
				GENERATE_INFOPLIST_FILE = YES;
				INFOPLIST_KEY_UIApplicationSceneManifest_Generation = YES;
				INFOPLIST_KEY_UIApplicationSupportsIndirectInputEvents = YES;
				INFOPLIST_KEY_UILaunchScreen_Generation = YES;
				INFOPLIST_KEY_UISupportedInterfaceOrientations_iPad = "UIInterfaceOrientationPortrait UIInterfaceOrientationPortraitUpsideDown UIInterfaceOrientationLandscapeLeft UIInterfaceOrientationLandscapeRight";
				INFOPLIST_KEY_UISupportedInterfaceOrientations_iPhone = "UIInterfaceOrientationPortrait UIInterfaceOrientationLandscapeLeft UIInterfaceOrientationLandscapeRight";
				IPHONEOS_DEPLOYMENT_TARGET = 14.0;
				LD_RUNPATH_SEARCH_PATHS = (
					"$(inherited)",
					"@executable_path/Frameworks",
				);
				MARKETING_VERSION = 1.0;
				PRODUCT_BUNDLE_IDENTIFIER = "example.maestro-bitrise-ios";
				PRODUCT_NAME = "$(TARGET_NAME)";
				SWIFT_EMIT_LOC_STRINGS = YES;
				SWIFT_VERSION = 5.0;
				TARGETED_DEVICE_FAMILY = "1,2";
			};
			name = Debug;
		};
		6A955F152A09367100AE8464 /* Release */ = {
			isa = XCBuildConfiguration;
			buildSettings = {
				ASSETCATALOG_COMPILER_APPICON_NAME = AppIcon;
				ASSETCATALOG_COMPILER_GLOBAL_ACCENT_COLOR_NAME = AccentColor;
				CODE_SIGN_STYLE = Automatic;
				CURRENT_PROJECT_VERSION = 1;
				DEVELOPMENT_ASSET_PATHS = "\"maestro-bitrise-ios/Preview Content\"";
				DEVELOPMENT_TEAM = MDNUUAHTT6;
				ENABLE_PREVIEWS = YES;
				GENERATE_INFOPLIST_FILE = YES;
				INFOPLIST_KEY_UIApplicationSceneManifest_Generation = YES;
				INFOPLIST_KEY_UIApplicationSupportsIndirectInputEvents = YES;
				INFOPLIST_KEY_UILaunchScreen_Generation = YES;
				INFOPLIST_KEY_UISupportedInterfaceOrientations_iPad = "UIInterfaceOrientationPortrait UIInterfaceOrientationPortraitUpsideDown UIInterfaceOrientationLandscapeLeft UIInterfaceOrientationLandscapeRight";
				INFOPLIST_KEY_UISupportedInterfaceOrientations_iPhone = "UIInterfaceOrientationPortrait UIInterfaceOrientationLandscapeLeft UIInterfaceOrientationLandscapeRight";
				IPHONEOS_DEPLOYMENT_TARGET = 14.0;
				LD_RUNPATH_SEARCH_PATHS = (
					"$(inherited)",
					"@executable_path/Frameworks",
				);
				MARKETING_VERSION = 1.0;
				PRODUCT_BUNDLE_IDENTIFIER = "example.maestro-bitrise-ios";
				PRODUCT_NAME = "$(TARGET_NAME)";
				SWIFT_EMIT_LOC_STRINGS = YES;
				SWIFT_VERSION = 5.0;
				TARGETED_DEVICE_FAMILY = "1,2";
			};
			name = Release;
		};
		6A955F172A09367100AE8464 /* Debug */ = {
			isa = XCBuildConfiguration;
			buildSettings = {
				ALWAYS_EMBED_SWIFT_STANDARD_LIBRARIES = YES;
				BUNDLE_LOADER = "$(TEST_HOST)";
				CODE_SIGN_STYLE = Automatic;
				CURRENT_PROJECT_VERSION = 1;
				DEVELOPMENT_TEAM = MDNUUAHTT6;
				GENERATE_INFOPLIST_FILE = YES;
				IPHONEOS_DEPLOYMENT_TARGET = 16.4;
				MARKETING_VERSION = 1.0;
				PRODUCT_BUNDLE_IDENTIFIER = "example.maestro-bitrise-iosTests";
				PRODUCT_NAME = "$(TARGET_NAME)";
				SWIFT_EMIT_LOC_STRINGS = NO;
				SWIFT_VERSION = 5.0;
				TARGETED_DEVICE_FAMILY = "1,2";
				TEST_HOST = "$(BUILT_PRODUCTS_DIR)/maestro-bitrise-ios.app/$(BUNDLE_EXECUTABLE_FOLDER_PATH)/maestro-bitrise-ios";
			};
			name = Debug;
		};
		6A955F182A09367100AE8464 /* Release */ = {
			isa = XCBuildConfiguration;
			buildSettings = {
				ALWAYS_EMBED_SWIFT_STANDARD_LIBRARIES = YES;
				BUNDLE_LOADER = "$(TEST_HOST)";
				CODE_SIGN_STYLE = Automatic;
				CURRENT_PROJECT_VERSION = 1;
				DEVELOPMENT_TEAM = MDNUUAHTT6;
				GENERATE_INFOPLIST_FILE = YES;
				IPHONEOS_DEPLOYMENT_TARGET = 16.4;
				MARKETING_VERSION = 1.0;
				PRODUCT_BUNDLE_IDENTIFIER = "example.maestro-bitrise-iosTests";
				PRODUCT_NAME = "$(TARGET_NAME)";
				SWIFT_EMIT_LOC_STRINGS = NO;
				SWIFT_VERSION = 5.0;
				TARGETED_DEVICE_FAMILY = "1,2";
				TEST_HOST = "$(BUILT_PRODUCTS_DIR)/maestro-bitrise-ios.app/$(BUNDLE_EXECUTABLE_FOLDER_PATH)/maestro-bitrise-ios";
			};
			name = Release;
		};
		6A955F1A2A09367100AE8464 /* Debug */ = {
			isa = XCBuildConfiguration;
			buildSettings = {
				ALWAYS_EMBED_SWIFT_STANDARD_LIBRARIES = YES;
				CODE_SIGN_STYLE = Automatic;
				CURRENT_PROJECT_VERSION = 1;
				DEVELOPMENT_TEAM = MDNUUAHTT6;
				GENERATE_INFOPLIST_FILE = YES;
				MARKETING_VERSION = 1.0;
				PRODUCT_BUNDLE_IDENTIFIER = "example.maestro-bitrise-iosUITests";
				PRODUCT_NAME = "$(TARGET_NAME)";
				SWIFT_EMIT_LOC_STRINGS = NO;
				SWIFT_VERSION = 5.0;
				TARGETED_DEVICE_FAMILY = "1,2";
				TEST_TARGET_NAME = "maestro-bitrise-ios";
			};
			name = Debug;
		};
		6A955F1B2A09367100AE8464 /* Release */ = {
			isa = XCBuildConfiguration;
			buildSettings = {
				ALWAYS_EMBED_SWIFT_STANDARD_LIBRARIES = YES;
				CODE_SIGN_STYLE = Automatic;
				CURRENT_PROJECT_VERSION = 1;
				DEVELOPMENT_TEAM = MDNUUAHTT6;
				GENERATE_INFOPLIST_FILE = YES;
				MARKETING_VERSION = 1.0;
				PRODUCT_BUNDLE_IDENTIFIER = "example.maestro-bitrise-iosUITests";
				PRODUCT_NAME = "$(TARGET_NAME)";
				SWIFT_EMIT_LOC_STRINGS = NO;
				SWIFT_VERSION = 5.0;
				TARGETED_DEVICE_FAMILY = "1,2";
				TEST_TARGET_NAME = "maestro-bitrise-ios";
			};
			name = Release;
		};
/* End XCBuildConfiguration section */

/* Begin XCConfigurationList section */
		6A955EEA2A09367000AE8464 /* Build configuration list for PBXProject "maestro-bitrise-ios" */ = {
			isa = XCConfigurationList;
			buildConfigurations = (
				6A955F112A09367100AE8464 /* Debug */,
				6A955F122A09367100AE8464 /* Release */,
			);
			defaultConfigurationIsVisible = 0;
			defaultConfigurationName = Release;
		};
		6A955F132A09367100AE8464 /* Build configuration list for PBXNativeTarget "maestro-bitrise-ios" */ = {
			isa = XCConfigurationList;
			buildConfigurations = (
				6A955F142A09367100AE8464 /* Debug */,
				6A955F152A09367100AE8464 /* Release */,
			);
			defaultConfigurationIsVisible = 0;
			defaultConfigurationName = Release;
		};
		6A955F162A09367100AE8464 /* Build configuration list for PBXNativeTarget "maestro-bitrise-iosTests" */ = {
			isa = XCConfigurationList;
			buildConfigurations = (
				6A955F172A09367100AE8464 /* Debug */,
				6A955F182A09367100AE8464 /* Release */,
			);
			defaultConfigurationIsVisible = 0;
			defaultConfigurationName = Release;
		};
		6A955F192A09367100AE8464 /* Build configuration list for PBXNativeTarget "maestro-bitrise-iosUITests" */ = {
			isa = XCConfigurationList;
			buildConfigurations = (
				6A955F1A2A09367100AE8464 /* Debug */,
				6A955F1B2A09367100AE8464 /* Release */,
			);
			defaultConfigurationIsVisible = 0;
			defaultConfigurationName = Release;
		};
/* End XCConfigurationList section */
	};
	rootObject = 6A955EE72A09367000AE8464 /* Project object */;
}
